// !$*UTF8*$!
{
	archiveVersion = 1;
	classes = {
	};
	objectVersion = 46;
	objects = {

/* Begin PBXBuildFile section */
		BA3E383818DCC2C00041F5C5 /* Foundation.framework in Frameworks */ = {isa = PBXBuildFile; fileRef = BA3E383718DCC2C00041F5C5 /* Foundation.framework */; };
		BA3E383A18DCC2C00041F5C5 /* CoreGraphics.framework in Frameworks */ = {isa = PBXBuildFile; fileRef = BA3E383918DCC2C00041F5C5 /* CoreGraphics.framework */; };
		BA3E383C18DCC2C00041F5C5 /* UIKit.framework in Frameworks */ = {isa = PBXBuildFile; fileRef = BA3E383B18DCC2C00041F5C5 /* UIKit.framework */; };
		BA3E384218DCC2C00041F5C5 /* InfoPlist.strings in Resources */ = {isa = PBXBuildFile; fileRef = BA3E384018DCC2C00041F5C5 /* InfoPlist.strings */; };
		BA3E384418DCC2C00041F5C5 /* main.m in Sources */ = {isa = PBXBuildFile; fileRef = BA3E384318DCC2C00041F5C5 /* main.m */; };
		BA3E384818DCC2C00041F5C5 /* myMoviesAppDelegate.m in Sources */ = {isa = PBXBuildFile; fileRef = BA3E384718DCC2C00041F5C5 /* myMoviesAppDelegate.m */; };
		BA3E384B18DCC2C00041F5C5 /* Main.storyboard in Resources */ = {isa = PBXBuildFile; fileRef = BA3E384918DCC2C00041F5C5 /* Main.storyboard */; };
		BA3E384E18DCC2C00041F5C5 /* myMoviesViewController.m in Sources */ = {isa = PBXBuildFile; fileRef = BA3E384D18DCC2C00041F5C5 /* myMoviesViewController.m */; };
		BA3E385018DCC2C00041F5C5 /* Images.xcassets in Resources */ = {isa = PBXBuildFile; fileRef = BA3E384F18DCC2C00041F5C5 /* Images.xcassets */; };
		BA3E385718DCC2C00041F5C5 /* XCTest.framework in Frameworks */ = {isa = PBXBuildFile; fileRef = BA3E385618DCC2C00041F5C5 /* XCTest.framework */; };
		BA3E385818DCC2C00041F5C5 /* Foundation.framework in Frameworks */ = {isa = PBXBuildFile; fileRef = BA3E383718DCC2C00041F5C5 /* Foundation.framework */; };
		BA3E385918DCC2C00041F5C5 /* UIKit.framework in Frameworks */ = {isa = PBXBuildFile; fileRef = BA3E383B18DCC2C00041F5C5 /* UIKit.framework */; };
		BA3E386118DCC2C00041F5C5 /* InfoPlist.strings in Resources */ = {isa = PBXBuildFile; fileRef = BA3E385F18DCC2C00041F5C5 /* InfoPlist.strings */; };
		BA3E386318DCC2C00041F5C5 /* MyMoviesTests.m in Sources */ = {isa = PBXBuildFile; fileRef = BA3E386218DCC2C00041F5C5 /* MyMoviesTests.m */; };
/* End PBXBuildFile section */

/* Begin PBXContainerItemProxy section */
		BA3E385A18DCC2C00041F5C5 /* PBXContainerItemProxy */ = {
			isa = PBXContainerItemProxy;
			containerPortal = BA3E382C18DCC2C00041F5C5 /* Project object */;
			proxyType = 1;
			remoteGlobalIDString = BA3E383318DCC2C00041F5C5;
			remoteInfo = MyMovies;
		};
/* End PBXContainerItemProxy section */

/* Begin PBXFileReference section */
		BA3E383418DCC2C00041F5C5 /* MyMovies.app */ = {isa = PBXFileReference; explicitFileType = wrapper.application; includeInIndex = 0; path = MyMovies.app; sourceTree = BUILT_PRODUCTS_DIR; };
		BA3E383718DCC2C00041F5C5 /* Foundation.framework */ = {isa = PBXFileReference; lastKnownFileType = wrapper.framework; name = Foundation.framework; path = System/Library/Frameworks/Foundation.framework; sourceTree = SDKROOT; };
		BA3E383918DCC2C00041F5C5 /* CoreGraphics.framework */ = {isa = PBXFileReference; lastKnownFileType = wrapper.framework; name = CoreGraphics.framework; path = System/Library/Frameworks/CoreGraphics.framework; sourceTree = SDKROOT; };
		BA3E383B18DCC2C00041F5C5 /* UIKit.framework */ = {isa = PBXFileReference; lastKnownFileType = wrapper.framework; name = UIKit.framework; path = System/Library/Frameworks/UIKit.framework; sourceTree = SDKROOT; };
		BA3E383F18DCC2C00041F5C5 /* MyMovies-Info.plist */ = {isa = PBXFileReference; lastKnownFileType = text.plist.xml; path = "MyMovies-Info.plist"; sourceTree = "<group>"; };
		BA3E384118DCC2C00041F5C5 /* en */ = {isa = PBXFileReference; lastKnownFileType = text.plist.strings; name = en; path = en.lproj/InfoPlist.strings; sourceTree = "<group>"; };
		BA3E384318DCC2C00041F5C5 /* main.m */ = {isa = PBXFileReference; lastKnownFileType = sourcecode.c.objc; path = main.m; sourceTree = "<group>"; };
		BA3E384518DCC2C00041F5C5 /* MyMovies-Prefix.pch */ = {isa = PBXFileReference; lastKnownFileType = sourcecode.c.h; path = "MyMovies-Prefix.pch"; sourceTree = "<group>"; };
		BA3E384618DCC2C00041F5C5 /* myMoviesAppDelegate.h */ = {isa = PBXFileReference; lastKnownFileType = sourcecode.c.h; path = myMoviesAppDelegate.h; sourceTree = "<group>"; };
		BA3E384718DCC2C00041F5C5 /* myMoviesAppDelegate.m */ = {isa = PBXFileReference; lastKnownFileType = sourcecode.c.objc; path = myMoviesAppDelegate.m; sourceTree = "<group>"; };
		BA3E384A18DCC2C00041F5C5 /* Base */ = {isa = PBXFileReference; lastKnownFileType = file.storyboard; name = Base; path = Base.lproj/Main.storyboard; sourceTree = "<group>"; };
		BA3E384C18DCC2C00041F5C5 /* myMoviesViewController.h */ = {isa = PBXFileReference; lastKnownFileType = sourcecode.c.h; path = myMoviesViewController.h; sourceTree = "<group>"; };
		BA3E384D18DCC2C00041F5C5 /* myMoviesViewController.m */ = {isa = PBXFileReference; lastKnownFileType = sourcecode.c.objc; path = myMoviesViewController.m; sourceTree = "<group>"; };
		BA3E384F18DCC2C00041F5C5 /* Images.xcassets */ = {isa = PBXFileReference; lastKnownFileType = folder.assetcatalog; path = Images.xcassets; sourceTree = "<group>"; };
		BA3E385518DCC2C00041F5C5 /* MyMoviesTests.xctest */ = {isa = PBXFileReference; explicitFileType = wrapper.cfbundle; includeInIndex = 0; path = MyMoviesTests.xctest; sourceTree = BUILT_PRODUCTS_DIR; };
		BA3E385618DCC2C00041F5C5 /* XCTest.framework */ = {isa = PBXFileReference; lastKnownFileType = wrapper.framework; name = XCTest.framework; path = Library/Frameworks/XCTest.framework; sourceTree = DEVELOPER_DIR; };
		BA3E385E18DCC2C00041F5C5 /* MyMoviesTests-Info.plist */ = {isa = PBXFileReference; lastKnownFileType = text.plist.xml; path = "MyMoviesTests-Info.plist"; sourceTree = "<group>"; };
		BA3E386018DCC2C00041F5C5 /* en */ = {isa = PBXFileReference; lastKnownFileType = text.plist.strings; name = en; path = en.lproj/InfoPlist.strings; sourceTree = "<group>"; };
		BA3E386218DCC2C00041F5C5 /* MyMoviesTests.m */ = {isa = PBXFileReference; lastKnownFileType = sourcecode.c.objc; path = MyMoviesTests.m; sourceTree = "<group>"; };
/* End PBXFileReference section */

/* Begin PBXFrameworksBuildPhase section */
		BA3E383118DCC2C00041F5C5 /* Frameworks */ = {
			isa = PBXFrameworksBuildPhase;
			buildActionMask = 2147483647;
			files = (
				BA3E383A18DCC2C00041F5C5 /* CoreGraphics.framework in Frameworks */,
				BA3E383C18DCC2C00041F5C5 /* UIKit.framework in Frameworks */,
				BA3E383818DCC2C00041F5C5 /* Foundation.framework in Frameworks */,
			);
			runOnlyForDeploymentPostprocessing = 0;
		};
		BA3E385218DCC2C00041F5C5 /* Frameworks */ = {
			isa = PBXFrameworksBuildPhase;
			buildActionMask = 2147483647;
			files = (
				BA3E385718DCC2C00041F5C5 /* XCTest.framework in Frameworks */,
				BA3E385918DCC2C00041F5C5 /* UIKit.framework in Frameworks */,
				BA3E385818DCC2C00041F5C5 /* Foundation.framework in Frameworks */,
			);
			runOnlyForDeploymentPostprocessing = 0;
		};
/* End PBXFrameworksBuildPhase section */

/* Begin PBXGroup section */
		BA3E382B18DCC2C00041F5C5 = {
			isa = PBXGroup;
			children = (
				BA3E383D18DCC2C00041F5C5 /* MyMovies */,
				BA3E385C18DCC2C00041F5C5 /* MyMoviesTests */,
				BA3E383618DCC2C00041F5C5 /* Frameworks */,
				BA3E383518DCC2C00041F5C5 /* Products */,
			);
			sourceTree = "<group>";
		};
		BA3E383518DCC2C00041F5C5 /* Products */ = {
			isa = PBXGroup;
			children = (
				BA3E383418DCC2C00041F5C5 /* MyMovies.app */,
				BA3E385518DCC2C00041F5C5 /* MyMoviesTests.xctest */,
			);
			name = Products;
			sourceTree = "<group>";
		};
		BA3E383618DCC2C00041F5C5 /* Frameworks */ = {
			isa = PBXGroup;
			children = (
				BA3E383718DCC2C00041F5C5 /* Foundation.framework */,
				BA3E383918DCC2C00041F5C5 /* CoreGraphics.framework */,
				BA3E383B18DCC2C00041F5C5 /* UIKit.framework */,
				BA3E385618DCC2C00041F5C5 /* XCTest.framework */,
			);
			name = Frameworks;
			sourceTree = "<group>";
		};
		BA3E383D18DCC2C00041F5C5 /* MyMovies */ = {
			isa = PBXGroup;
			children = (
				BA3E384618DCC2C00041F5C5 /* myMoviesAppDelegate.h */,
				BA3E384718DCC2C00041F5C5 /* myMoviesAppDelegate.m */,
				BA3E384918DCC2C00041F5C5 /* Main.storyboard */,
				BA3E384C18DCC2C00041F5C5 /* myMoviesViewController.h */,
				BA3E384D18DCC2C00041F5C5 /* myMoviesViewController.m */,
				BA3E384F18DCC2C00041F5C5 /* Images.xcassets */,
				BA3E383E18DCC2C00041F5C5 /* Supporting Files */,
			);
			path = MyMovies;
			sourceTree = "<group>";
		};
		BA3E383E18DCC2C00041F5C5 /* Supporting Files */ = {
			isa = PBXGroup;
			children = (
				BA3E383F18DCC2C00041F5C5 /* MyMovies-Info.plist */,
				BA3E384018DCC2C00041F5C5 /* InfoPlist.strings */,
				BA3E384318DCC2C00041F5C5 /* main.m */,
				BA3E384518DCC2C00041F5C5 /* MyMovies-Prefix.pch */,
			);
			name = "Supporting Files";
			sourceTree = "<group>";
		};
		BA3E385C18DCC2C00041F5C5 /* MyMoviesTests */ = {
			isa = PBXGroup;
			children = (
				BA3E386218DCC2C00041F5C5 /* MyMoviesTests.m */,
				BA3E385D18DCC2C00041F5C5 /* Supporting Files */,
			);
			path = MyMoviesTests;
			sourceTree = "<group>";
		};
		BA3E385D18DCC2C00041F5C5 /* Supporting Files */ = {
			isa = PBXGroup;
			children = (
				BA3E385E18DCC2C00041F5C5 /* MyMoviesTests-Info.plist */,
				BA3E385F18DCC2C00041F5C5 /* InfoPlist.strings */,
			);
			name = "Supporting Files";
			sourceTree = "<group>";
		};
/* End PBXGroup section */

/* Begin PBXNativeTarget section */
		BA3E383318DCC2C00041F5C5 /* MyMovies */ = {
			isa = PBXNativeTarget;
			buildConfigurationList = BA3E386618DCC2C00041F5C5 /* Build configuration list for PBXNativeTarget "MyMovies" */;
			buildPhases = (
				BA3E383018DCC2C00041F5C5 /* Sources */,
				BA3E383118DCC2C00041F5C5 /* Frameworks */,
				BA3E383218DCC2C00041F5C5 /* Resources */,
			);
			buildRules = (
			);
			dependencies = (
			);
			name = MyMovies;
			productName = MyMovies;
			productReference = BA3E383418DCC2C00041F5C5 /* MyMovies.app */;
			productType = "com.apple.product-type.application";
		};
		BA3E385418DCC2C00041F5C5 /* MyMoviesTests */ = {
			isa = PBXNativeTarget;
			buildConfigurationList = BA3E386918DCC2C00041F5C5 /* Build configuration list for PBXNativeTarget "MyMoviesTests" */;
			buildPhases = (
				BA3E385118DCC2C00041F5C5 /* Sources */,
				BA3E385218DCC2C00041F5C5 /* Frameworks */,
				BA3E385318DCC2C00041F5C5 /* Resources */,
			);
			buildRules = (
			);
			dependencies = (
				BA3E385B18DCC2C00041F5C5 /* PBXTargetDependency */,
			);
			name = MyMoviesTests;
			productName = MyMoviesTests;
			productReference = BA3E385518DCC2C00041F5C5 /* MyMoviesTests.xctest */;
			productType = "com.apple.product-type.bundle.unit-test";
		};
/* End PBXNativeTarget section */

/* Begin PBXProject section */
		BA3E382C18DCC2C00041F5C5 /* Project object */ = {
			isa = PBXProject;
			attributes = {
				CLASSPREFIX = myMovies;
				LastUpgradeCheck = 0500;
				ORGANIZATIONNAME = "ilknur Deniz";
				TargetAttributes = {
					BA3E385418DCC2C00041F5C5 = {
						TestTargetID = BA3E383318DCC2C00041F5C5;
					};
				};
			};
			buildConfigurationList = BA3E382F18DCC2C00041F5C5 /* Build configuration list for PBXProject "MyMovies" */;
			compatibilityVersion = "Xcode 3.2";
			developmentRegion = English;
			hasScannedForEncodings = 0;
			knownRegions = (
				en,
				Base,
			);
			mainGroup = BA3E382B18DCC2C00041F5C5;
			productRefGroup = BA3E383518DCC2C00041F5C5 /* Products */;
			projectDirPath = "";
			projectRoot = "";
			targets = (
				BA3E383318DCC2C00041F5C5 /* MyMovies */,
				BA3E385418DCC2C00041F5C5 /* MyMoviesTests */,
			);
		};
/* End PBXProject section */

/* Begin PBXResourcesBuildPhase section */
		BA3E383218DCC2C00041F5C5 /* Resources */ = {
			isa = PBXResourcesBuildPhase;
			buildActionMask = 2147483647;
			files = (
				BA3E385018DCC2C00041F5C5 /* Images.xcassets in Resources */,
				BA3E384218DCC2C00041F5C5 /* InfoPlist.strings in Resources */,
				BA3E384B18DCC2C00041F5C5 /* Main.storyboard in Resources */,
			);
			runOnlyForDeploymentPostprocessing = 0;
		};
		BA3E385318DCC2C00041F5C5 /* Resources */ = {
			isa = PBXResourcesBuildPhase;
			buildActionMask = 2147483647;
			files = (
				BA3E386118DCC2C00041F5C5 /* InfoPlist.strings in Resources */,
			);
			runOnlyForDeploymentPostprocessing = 0;
		};
/* End PBXResourcesBuildPhase section */

/* Begin PBXSourcesBuildPhase section */
		BA3E383018DCC2C00041F5C5 /* Sources */ = {
			isa = PBXSourcesBuildPhase;
			buildActionMask = 2147483647;
			files = (
				BA3E384418DCC2C00041F5C5 /* main.m in Sources */,
				BA3E384E18DCC2C00041F5C5 /* myMoviesViewController.m in Sources */,
				BA3E384818DCC2C00041F5C5 /* myMoviesAppDelegate.m in Sources */,
			);
			runOnlyForDeploymentPostprocessing = 0;
		};
		BA3E385118DCC2C00041F5C5 /* Sources */ = {
			isa = PBXSourcesBuildPhase;
			buildActionMask = 2147483647;
			files = (
				BA3E386318DCC2C00041F5C5 /* MyMoviesTests.m in Sources */,
			);
			runOnlyForDeploymentPostprocessing = 0;
		};
/* End PBXSourcesBuildPhase section */

/* Begin PBXTargetDependency section */
		BA3E385B18DCC2C00041F5C5 /* PBXTargetDependency */ = {
			isa = PBXTargetDependency;
			target = BA3E383318DCC2C00041F5C5 /* MyMovies */;
			targetProxy = BA3E385A18DCC2C00041F5C5 /* PBXContainerItemProxy */;
		};
/* End PBXTargetDependency section */

/* Begin PBXVariantGroup section */
		BA3E384018DCC2C00041F5C5 /* InfoPlist.strings */ = {
			isa = PBXVariantGroup;
			children = (
				BA3E384118DCC2C00041F5C5 /* en */,
			);
			name = InfoPlist.strings;
			sourceTree = "<group>";
		};
		BA3E384918DCC2C00041F5C5 /* Main.storyboard */ = {
			isa = PBXVariantGroup;
			children = (
				BA3E384A18DCC2C00041F5C5 /* Base */,
			);
			name = Main.storyboard;
			sourceTree = "<group>";
		};
		BA3E385F18DCC2C00041F5C5 /* InfoPlist.strings */ = {
			isa = PBXVariantGroup;
			children = (
				BA3E386018DCC2C00041F5C5 /* en */,
			);
			name = InfoPlist.strings;
			sourceTree = "<group>";
		};
/* End PBXVariantGroup section */

/* Begin XCBuildConfiguration section */
		BA3E386418DCC2C00041F5C5 /* Debug */ = {
			isa = XCBuildConfiguration;
			buildSettings = {
				ALWAYS_SEARCH_USER_PATHS = NO;
				ARCHS = "$(ARCHS_STANDARD_INCLUDING_64_BIT)";
				CLANG_CXX_LANGUAGE_STANDARD = "gnu++0x";
				CLANG_CXX_LIBRARY = "libc++";
				CLANG_ENABLE_MODULES = YES;
				CLANG_ENABLE_OBJC_ARC = YES;
				CLANG_WARN_BOOL_CONVERSION = YES;
				CLANG_WARN_CONSTANT_CONVERSION = YES;
				CLANG_WARN_DIRECT_OBJC_ISA_USAGE = YES_ERROR;
				CLANG_WARN_EMPTY_BODY = YES;
				CLANG_WARN_ENUM_CONVERSION = YES;
				CLANG_WARN_INT_CONVERSION = YES;
				CLANG_WARN_OBJC_ROOT_CLASS = YES_ERROR;
				CLANG_WARN__DUPLICATE_METHOD_MATCH = YES;
				"CODE_SIGN_IDENTITY[sdk=iphoneos*]" = "iPhone Developer";
				COPY_PHASE_STRIP = NO;
				GCC_C_LANGUAGE_STANDARD = gnu99;
				GCC_DYNAMIC_NO_PIC = NO;
				GCC_OPTIMIZATION_LEVEL = 0;
				GCC_PREPROCESSOR_DEFINITIONS = (
					"DEBUG=1",
					"$(inherited)",
				);
				GCC_SYMBOLS_PRIVATE_EXTERN = NO;
				GCC_WARN_64_TO_32_BIT_CONVERSION = YES;
				GCC_WARN_ABOUT_RETURN_TYPE = YES_ERROR;
				GCC_WARN_UNDECLARED_SELECTOR = YES;
				GCC_WARN_UNINITIALIZED_AUTOS = YES;
				GCC_WARN_UNUSED_FUNCTION = YES;
				GCC_WARN_UNUSED_VARIABLE = YES;
				IPHONEOS_DEPLOYMENT_TARGET = 7.0;
				ONLY_ACTIVE_ARCH = YES;
				SDKROOT = iphoneos;
			};
			name = Debug;
		};
		BA3E386518DCC2C00041F5C5 /* Release */ = {
			isa = XCBuildConfiguration;
			buildSettings = {
				ALWAYS_SEARCH_USER_PATHS = NO;
				ARCHS = "$(ARCHS_STANDARD_INCLUDING_64_BIT)";
				CLANG_CXX_LANGUAGE_STANDARD = "gnu++0x";
				CLANG_CXX_LIBRARY = "libc++";
				CLANG_ENABLE_MODULES = YES;
				CLANG_ENABLE_OBJC_ARC = YES;
				CLANG_WARN_BOOL_CONVERSION = YES;
				CLANG_WARN_CONSTANT_CONVERSION = YES;
				CLANG_WARN_DIRECT_OBJC_ISA_USAGE = YES_ERROR;
				CLANG_WARN_EMPTY_BODY = YES;
				CLANG_WARN_ENUM_CONVERSION = YES;
				CLANG_WARN_INT_CONVERSION = YES;
				CLANG_WARN_OBJC_ROOT_CLASS = YES_ERROR;
				CLANG_WARN__DUPLICATE_METHOD_MATCH = YES;
				"CODE_SIGN_IDENTITY[sdk=iphoneos*]" = "iPhone Developer";
				COPY_PHASE_STRIP = YES;
				ENABLE_NS_ASSERTIONS = NO;
				GCC_C_LANGUAGE_STANDARD = gnu99;
				GCC_WARN_64_TO_32_BIT_CONVERSION = YES;
				GCC_WARN_ABOUT_RETURN_TYPE = YES_ERROR;
				GCC_WARN_UNDECLARED_SELECTOR = YES;
				GCC_WARN_UNINITIALIZED_AUTOS = YES;
				GCC_WARN_UNUSED_FUNCTION = YES;
				GCC_WARN_UNUSED_VARIABLE = YES;
				IPHONEOS_DEPLOYMENT_TARGET = 7.0;
				SDKROOT = iphoneos;
				VALIDATE_PRODUCT = YES;
			};
			name = Release;
		};
		BA3E386718DCC2C00041F5C5 /* Debug */ = {
			isa = XCBuildConfiguration;
			buildSettings = {
				ASSETCATALOG_COMPILER_APPICON_NAME = AppIcon;
				ASSETCATALOG_COMPILER_LAUNCHIMAGE_NAME = LaunchImage;
				GCC_PRECOMPILE_PREFIX_HEADER = YES;
				GCC_PREFIX_HEADER = "MyMovies/MyMovies-Prefix.pch";
				INFOPLIST_FILE = "MyMovies/MyMovies-Info.plist";
				PRODUCT_NAME = "$(TARGET_NAME)";
				WRAPPER_EXTENSION = app;
			};
			name = Debug;
		};
		BA3E386818DCC2C00041F5C5 /* Release */ = {
			isa = XCBuildConfiguration;
			buildSettings = {
				ASSETCATALOG_COMPILER_APPICON_NAME = AppIcon;
				ASSETCATALOG_COMPILER_LAUNCHIMAGE_NAME = LaunchImage;
				GCC_PRECOMPILE_PREFIX_HEADER = YES;
				GCC_PREFIX_HEADER = "MyMovies/MyMovies-Prefix.pch";
				INFOPLIST_FILE = "MyMovies/MyMovies-Info.plist";
				PRODUCT_NAME = "$(TARGET_NAME)";
				WRAPPER_EXTENSION = app;
			};
			name = Release;
		};
		BA3E386A18DCC2C00041F5C5 /* Debug */ = {
			isa = XCBuildConfiguration;
			buildSettings = {
				ARCHS = "$(ARCHS_STANDARD_INCLUDING_64_BIT)";
				BUNDLE_LOADER = "$(BUILT_PRODUCTS_DIR)/MyMovies.app/MyMovies";
				FRAMEWORK_SEARCH_PATHS = (
					"$(SDKROOT)/Developer/Library/Frameworks",
					"$(inherited)",
					"$(DEVELOPER_FRAMEWORKS_DIR)",
				);
				GCC_PRECOMPILE_PREFIX_HEADER = YES;
				GCC_PREFIX_HEADER = "MyMovies/MyMovies-Prefix.pch";
				GCC_PREPROCESSOR_DEFINITIONS = (
					"DEBUG=1",
					"$(inherited)",
				);
				INFOPLIST_FILE = "MyMoviesTests/MyMoviesTests-Info.plist";
				PRODUCT_NAME = "$(TARGET_NAME)";
				TEST_HOST = "$(BUNDLE_LOADER)";
				WRAPPER_EXTENSION = xctest;
			};
			name = Debug;
		};
		BA3E386B18DCC2C00041F5C5 /* Release */ = {
			isa = XCBuildConfiguration;
			buildSettings = {
				ARCHS = "$(ARCHS_STANDARD_INCLUDING_64_BIT)";
				BUNDLE_LOADER = "$(BUILT_PRODUCTS_DIR)/MyMovies.app/MyMovies";
				FRAMEWORK_SEARCH_PATHS = (
					"$(SDKROOT)/Developer/Library/Frameworks",
					"$(inherited)",
					"$(DEVELOPER_FRAMEWORKS_DIR)",
				);
				GCC_PRECOMPILE_PREFIX_HEADER = YES;
				GCC_PREFIX_HEADER = "MyMovies/MyMovies-Prefix.pch";
				INFOPLIST_FILE = "MyMoviesTests/MyMoviesTests-Info.plist";
				PRODUCT_NAME = "$(TARGET_NAME)";
				TEST_HOST = "$(BUNDLE_LOADER)";
				WRAPPER_EXTENSION = xctest;
			};
			name = Release;
		};
/* End XCBuildConfiguration section */

/* Begin XCConfigurationList section */
		BA3E382F18DCC2C00041F5C5 /* Build configuration list for PBXProject "MyMovies" */ = {
			isa = XCConfigurationList;
			buildConfigurations = (
				BA3E386418DCC2C00041F5C5 /* Debug */,
				BA3E386518DCC2C00041F5C5 /* Release */,
			);
			defaultConfigurationIsVisible = 0;
			defaultConfigurationName = Release;
		};
		BA3E386618DCC2C00041F5C5 /* Build configuration list for PBXNativeTarget "MyMovies" */ = {
			isa = XCConfigurationList;
			buildConfigurations = (
				BA3E386718DCC2C00041F5C5 /* Debug */,
				BA3E386818DCC2C00041F5C5 /* Release */,
			);
			defaultConfigurationIsVisible = 0;
		};
		BA3E386918DCC2C00041F5C5 /* Build configuration list for PBXNativeTarget "MyMoviesTests" */ = {
			isa = XCConfigurationList;
			buildConfigurations = (
				BA3E386A18DCC2C00041F5C5 /* Debug */,
				BA3E386B18DCC2C00041F5C5 /* Release */,
			);
			defaultConfigurationIsVisible = 0;
		};
/* End XCConfigurationList section */
	};
	rootObject = BA3E382C18DCC2C00041F5C5 /* Project object */;
}
